<?xml version="1.0" encoding="UTF-8"?>
<Project ToolsVersion="4.0" xmlns="http://schemas.microsoft.com/developer/msbuild/2003">
  <ItemGroup>
    <ClCompile Include="tests\TestSuite.c">
      <Filter>Source Files</Filter>
    </ClCompile>
    <ClCompile Include="tests\test-libbson.c">
      <Filter>Source Files</Filter>
    </ClCompile>
    <ClCompile Include="tests\test-atomic.c">
      <Filter>Source Files</Filter>
    </ClCompile>
    <ClCompile Include="tests\test-bson.c">
      <Filter>Source Files</Filter>
    </ClCompile>
    <ClCompile Include="tests\test-endian.c">
      <Filter>Source Files</Filter>
    </ClCompile>
    <ClCompile Include="tests\test-clock.c">
      <Filter>Source Files</Filter>
    </ClCompile>
    <ClCompile Include="tests\test-error.c">
      <Filter>Source Files</Filter>
    </ClCompile>
    <ClCompile Include="tests\test-iso8601.c">
      <Filter>Source Files</Filter>
    </ClCompile>
    <ClCompile Include="tests\test-iter.c">
      <Filter>Source Files</Filter>
    </ClCompile>
    <ClCompile Include="tests\test-json.c">
      <Filter>Source Files</Filter>
    </ClCompile>
    <ClCompile Include="tests\test-oid.c">
      <Filter>Source Files</Filter>
    </ClCompile>
    <ClCompile Include="tests\test-reader.c">
      <Filter>Source Files</Filter>
    </ClCompile>
    <ClCompile Include="tests\test-string.c">
      <Filter>Source Files</Filter>
    </ClCompile>
    <ClCompile Include="tests\test-utf8.c">
      <Filter>Source Files</Filter>
    </ClCompile>
    <ClCompile Include="tests\test-value.c">
      <Filter>Source Files</Filter>
    </ClCompile>
    <ClCompile Include="tests\test-version.c">
      <Filter>Source Files</Filter>
    </ClCompile>
    <ClCompile Include="tests\test-writer.c">
      <Filter>Source Files</Filter>
    </ClCompile>
    <ClCompile Include="tests\test-bcon-basic.c">
      <Filter>Source Files</Filter>
    </ClCompile>
    <ClCompile Include="tests\test-bcon-extract.c">
      <Filter>Source Files</Filter>
    </ClCompile>
    <ClCompile Include="tests\json-test.c">
      <Filter>Source Files</Filter>
    </ClCompile>
  </ItemGroup>
  <ItemGroup>
    <ClInclude Include="tests\TestSuite.h">
      <Filter>Header Files</Filter>
    </ClInclude>
    <ClInclude Include="tests\json-test.h">
      <Filter>Header Files</Filter>
    </ClInclude>
  </ItemGroup>
  <ItemGroup>
    <CustomBuild Include="CMakeLists.txt" />
  </ItemGroup>
  <ItemGroup>
    <Filter Include="Source Files">
      <UniqueIdentifier>{28B53428-9CE4-3102-A1F5-65AFD5D12B52}</UniqueIdentifier>
    </Filter>
    <Filter Include="Header Files">
      <UniqueIdentifier>{8A6AA3A1-04B4-391E-B2B0-B59AE9E74FAD}</UniqueIdentifier>
    </Filter>
  </ItemGroup>
</Project>
