Microsoft Visual Studio Solution File, Format Version 11.00
# Visual Studio 2010
Project("{8BC9CEB8-8B4A-11D0-8D11-00A0C91BC942}") = "ALL_BUILD", "ALL_BUILD.vcxproj", "{31859C6A-7792-32D7-AF3B-F171DBD398EB}"
	ProjectSection(ProjectDependencies) = postProject
		{DF71CBFD-8FD7-3973-A956-37CA96E18A27} = {DF71CBFD-8FD7-3973-A956-37CA96E18A27}
		{102F328A-1C4B-3D5A-B5A1-26267FA9C561} = {102F328A-1C4B-3D5A-B5A1-26267FA9C561}
		{62AEEBC0-8A1A-331E-B72F-4C44226176DF} = {62AEEBC0-8A1A-331E-B72F-4C44226176DF}
		{141B4999-6A6E-3D14-B5AB-8ADA8A96BF5A} = {141B4999-6A6E-3D14-B5AB-8ADA8A96BF5A}
		{C6A87273-51C9-3844-A96D-079248057242} = {C6A87273-51C9-3844-A96D-079248057242}
		{B41A86B0-8A81-3516-A64F-4A0387694238} = {B41A86B0-8A81-3516-A64F-4A0387694238}
		{535FE7D6-4860-3D75-A655-2A814F69E42A} = {535FE7D6-4860-3D75-A655-2A814F69E42A}
		{C590CBD7-6999-3644-9D9F-655245DA049B} = {C590CBD7-6999-3644-9D9F-655245DA049B}
		{4614D57B-49B4-3EBB-A9FA-248FA84F4D44} = {4614D57B-49B4-3EBB-A9FA-248FA84F4D44}
		{531BF02E-EC9E-344C-85CD-6CF17F7396FC} = {531BF02E-EC9E-344C-85CD-6CF17F7396FC}
		{8ABDEED9-DEB0-32B2-9F16-2A9227E395C5} = {8ABDEED9-DEB0-32B2-9F16-2A9227E395C5}
		{B23F0978-F056-38FC-834C-4A842D63E768} = {B23F0978-F056-38FC-834C-4A842D63E768}
		{44D0AABD-A584-356B-9577-2311F691A6AD} = {44D0AABD-A584-356B-9577-2311F691A6AD}
		{EBFBBDF1-F18D-3FB0-9417-7186A2A6AF61} = {EBFBBDF1-F18D-3FB0-9417-7186A2A6AF61}
		{35A07257-5E8A-3207-AA4C-1314C04A235A} = {35A07257-5E8A-3207-AA4C-1314C04A235A}
		{6FEA13BD-F568-37A2-9431-C37923D247F6} = {6FEA13BD-F568-37A2-9431-C37923D247F6}
	EndProjectSection
EndProject
Project("{8BC9CEB8-8B4A-11D0-8D11-00A0C91BC942}") = "INSTALL", "INSTALL.vcxproj", "{EAC73EA8-99BE-3953-8D66-A2CDDAE04690}"
	ProjectSection(ProjectDependencies) = postProject
		{31859C6A-7792-32D7-AF3B-F171DBD398EB} = {31859C6A-7792-32D7-AF3B-F171DBD398EB}
		{DF71CBFD-8FD7-3973-A956-37CA96E18A27} = {DF71CBFD-8FD7-3973-A956-37CA96E18A27}
	EndProjectSection
EndProject
Project("{8BC9CEB8-8B4A-11D0-8D11-00A0C91BC942}") = "PACKAGE", "PACKAGE.vcxproj", "{ADECADAD-AF6F-32E6-8B69-EF480DB29AF8}"
	ProjectSection(ProjectDependencies) = postProject
		{31859C6A-7792-32D7-AF3B-F171DBD398EB} = {31859C6A-7792-32D7-AF3B-F171DBD398EB}
		{DF71CBFD-8FD7-3973-A956-37CA96E18A27} = {DF71CBFD-8FD7-3973-A956-37CA96E18A27}
	EndProjectSection
EndProject
Project("{8BC9CEB8-8B4A-11D0-8D11-00A0C91BC942}") = "RUN_TESTS", "RUN_TESTS.vcxproj", "{15E562F1-2C63-3D1C-B44E-9180F870F71F}"
	ProjectSection(ProjectDependencies) = postProject
		{DF71CBFD-8FD7-3973-A956-37CA96E18A27} = {DF71CBFD-8FD7-3973-A956-37CA96E18A27}
	EndProjectSection
EndProject
Project("{8BC9CEB8-8B4A-11D0-8D11-00A0C91BC942}") = "ZERO_CHECK", "ZERO_CHECK.vcxproj", "{DF71CBFD-8FD7-3973-A956-37CA96E18A27}"
	ProjectSection(ProjectDependencies) = postProject
	EndProjectSection
EndProject
Project("{8BC9CEB8-8B4A-11D0-8D11-00A0C91BC942}") = "example-application-performance-monitoring", "example-application-performance-monitoring.vcxproj", "{102F328A-1C4B-3D5A-B5A1-26267FA9C561}"
	ProjectSection(ProjectDependencies) = postProject
		{DF71CBFD-8FD7-3973-A956-37CA96E18A27} = {DF71CBFD-8FD7-3973-A956-37CA96E18A27}
		{4614D57B-49B4-3EBB-A9FA-248FA84F4D44} = {4614D57B-49B4-3EBB-A9FA-248FA84F4D44}
	EndProjectSection
EndProject
Project("{8BC9CEB8-8B4A-11D0-8D11-00A0C91BC942}") = "example-client", "example-client.vcxproj", "{62AEEBC0-8A1A-331E-B72F-4C44226176DF}"
	ProjectSection(ProjectDependencies) = postProject
		{DF71CBFD-8FD7-3973-A956-37CA96E18A27} = {DF71CBFD-8FD7-3973-A956-37CA96E18A27}
		{4614D57B-49B4-3EBB-A9FA-248FA84F4D44} = {4614D57B-49B4-3EBB-A9FA-248FA84F4D44}
	EndProjectSection
EndProject
Project("{8BC9CEB8-8B4A-11D0-8D11-00A0C91BC942}") = "example-gridfs", "example-gridfs.vcxproj", "{141B4999-6A6E-3D14-B5AB-8ADA8A96BF5A}"
	ProjectSection(ProjectDependencies) = postProject
		{DF71CBFD-8FD7-3973-A956-37CA96E18A27} = {DF71CBFD-8FD7-3973-A956-37CA96E18A27}
		{4614D57B-49B4-3EBB-A9FA-248FA84F4D44} = {4614D57B-49B4-3EBB-A9FA-248FA84F4D44}
	EndProjectSection
EndProject
Project("{8BC9CEB8-8B4A-11D0-8D11-00A0C91BC942}") = "example-scram", "example-scram.vcxproj", "{C6A87273-51C9-3844-A96D-079248057242}"
	ProjectSection(ProjectDependencies) = postProject
		{DF71CBFD-8FD7-3973-A956-37CA96E18A27} = {DF71CBFD-8FD7-3973-A956-37CA96E18A27}
		{4614D57B-49B4-3EBB-A9FA-248FA84F4D44} = {4614D57B-49B4-3EBB-A9FA-248FA84F4D44}
	EndProjectSection
EndProject
Project("{8BC9CEB8-8B4A-11D0-8D11-00A0C91BC942}") = "mongoc-dump", "mongoc-dump.vcxproj", "{B41A86B0-8A81-3516-A64F-4A0387694238}"
	ProjectSection(ProjectDependencies) = postProject
		{DF71CBFD-8FD7-3973-A956-37CA96E18A27} = {DF71CBFD-8FD7-3973-A956-37CA96E18A27}
		{4614D57B-49B4-3EBB-A9FA-248FA84F4D44} = {4614D57B-49B4-3EBB-A9FA-248FA84F4D44}
	EndProjectSection
EndProject
Project("{8BC9CEB8-8B4A-11D0-8D11-00A0C91BC942}") = "mongoc-ping", "mongoc-ping.vcxproj", "{535FE7D6-4860-3D75-A655-2A814F69E42A}"
	ProjectSection(ProjectDependencies) = postProject
		{DF71CBFD-8FD7-3973-A956-37CA96E18A27} = {DF71CBFD-8FD7-3973-A956-37CA96E18A27}
		{4614D57B-49B4-3EBB-A9FA-248FA84F4D44} = {4614D57B-49B4-3EBB-A9FA-248FA84F4D44}
	EndProjectSection
EndProject
Project("{8BC9CEB8-8B4A-11D0-8D11-00A0C91BC942}") = "mongoc-tail", "mongoc-tail.vcxproj", "{C590CBD7-6999-3644-9D9F-655245DA049B}"
	ProjectSection(ProjectDependencies) = postProject
		{DF71CBFD-8FD7-3973-A956-37CA96E18A27} = {DF71CBFD-8FD7-3973-A956-37CA96E18A27}
		{4614D57B-49B4-3EBB-A9FA-248FA84F4D44} = {4614D57B-49B4-3EBB-A9FA-248FA84F4D44}
	EndProjectSection
EndProject
Project("{8BC9CEB8-8B4A-11D0-8D11-00A0C91BC942}") = "mongoc_shared", "mongoc_shared.vcxproj", "{4614D57B-49B4-3EBB-A9FA-248FA84F4D44}"
	ProjectSection(ProjectDependencies) = postProject
		{DF71CBFD-8FD7-3973-A956-37CA96E18A27} = {DF71CBFD-8FD7-3973-A956-37CA96E18A27}
	EndProjectSection
EndProject
Project("{8BC9CEB8-8B4A-11D0-8D11-00A0C91BC942}") = "mongoc_static", "mongoc_static.vcxproj", "{531BF02E-EC9E-344C-85CD-6CF17F7396FC}"
	ProjectSection(ProjectDependencies) = postProject
		{DF71CBFD-8FD7-3973-A956-37CA96E18A27} = {DF71CBFD-8FD7-3973-A956-37CA96E18A27}
	EndProjectSection
EndProject
Project("{8BC9CEB8-8B4A-11D0-8D11-00A0C91BC942}") = "test-libmongoc", "test-libmongoc.vcxproj", "{8ABDEED9-DEB0-32B2-9F16-2A9227E395C5}"
	ProjectSection(ProjectDependencies) = postProject
		{DF71CBFD-8FD7-3973-A956-37CA96E18A27} = {DF71CBFD-8FD7-3973-A956-37CA96E18A27}
		{531BF02E-EC9E-344C-85CD-6CF17F7396FC} = {531BF02E-EC9E-344C-85CD-6CF17F7396FC}
	EndProjectSection
EndProject
Project("{8BC9CEB8-8B4A-11D0-8D11-00A0C91BC942}") = "test-load", "test-load.vcxproj", "{B23F0978-F056-38FC-834C-4A842D63E768}"
	ProjectSection(ProjectDependencies) = postProject
		{DF71CBFD-8FD7-3973-A956-37CA96E18A27} = {DF71CBFD-8FD7-3973-A956-37CA96E18A27}
		{531BF02E-EC9E-344C-85CD-6CF17F7396FC} = {531BF02E-EC9E-344C-85CD-6CF17F7396FC}
	EndProjectSection
EndProject
Project("{8BC9CEB8-8B4A-11D0-8D11-00A0C91BC942}") = "test-replica-set", "test-replica-set.vcxproj", "{44D0AABD-A584-356B-9577-2311F691A6AD}"
	ProjectSection(ProjectDependencies) = postProject
		{DF71CBFD-8FD7-3973-A956-37CA96E18A27} = {DF71CBFD-8FD7-3973-A956-37CA96E18A27}
		{531BF02E-EC9E-344C-85CD-6CF17F7396FC} = {531BF02E-EC9E-344C-85CD-6CF17F7396FC}
	EndProjectSection
EndProject
Project("{8BC9CEB8-8B4A-11D0-8D11-00A0C91BC942}") = "test-replica-set-ssl", "test-replica-set-ssl.vcxproj", "{EBFBBDF1-F18D-3FB0-9417-7186A2A6AF61}"
	ProjectSection(ProjectDependencies) = postProject
		{DF71CBFD-8FD7-3973-A956-37CA96E18A27} = {DF71CBFD-8FD7-3973-A956-37CA96E18A27}
		{531BF02E-EC9E-344C-85CD-6CF17F7396FC} = {531BF02E-EC9E-344C-85CD-6CF17F7396FC}
	EndProjectSection
EndProject
Project("{8BC9CEB8-8B4A-11D0-8D11-00A0C91BC942}") = "test-secondary", "test-secondary.vcxproj", "{35A07257-5E8A-3207-AA4C-1314C04A235A}"
	ProjectSection(ProjectDependencies) = postProject
		{DF71CBFD-8FD7-3973-A956-37CA96E18A27} = {DF71CBFD-8FD7-3973-A956-37CA96E18A27}
		{531BF02E-EC9E-344C-85CD-6CF17F7396FC} = {531BF02E-EC9E-344C-85CD-6CF17F7396FC}
	EndProjectSection
EndProject
Project("{8BC9CEB8-8B4A-11D0-8D11-00A0C91BC942}") = "test-sharded-cluster", "test-sharded-cluster.vcxproj", "{6FEA13BD-F568-37A2-9431-C37923D247F6}"
	ProjectSection(ProjectDependencies) = postProject
		{DF71CBFD-8FD7-3973-A956-37CA96E18A27} = {DF71CBFD-8FD7-3973-A956-37CA96E18A27}
		{531BF02E-EC9E-344C-85CD-6CF17F7396FC} = {531BF02E-EC9E-344C-85CD-6CF17F7396FC}
	EndProjectSection
EndProject
Global
	GlobalSection(SolutionConfigurationPlatforms) = preSolution
		Debug|x64 = Debug|x64
		Release|x64 = Release|x64
		MinSizeRel|x64 = MinSizeRel|x64
		RelWithDebInfo|x64 = RelWithDebInfo|x64
	EndGlobalSection
	GlobalSection(ProjectConfigurationPlatforms) = postSolution
		{31859C6A-7792-32D7-AF3B-F171DBD398EB}.Debug|x64.ActiveCfg = Debug|x64
		{31859C6A-7792-32D7-AF3B-F171DBD398EB}.Debug|x64.Build.0 = Debug|x64
		{31859C6A-7792-32D7-AF3B-F171DBD398EB}.Release|x64.ActiveCfg = Release|x64
		{31859C6A-7792-32D7-AF3B-F171DBD398EB}.Release|x64.Build.0 = Release|x64
		{31859C6A-7792-32D7-AF3B-F171DBD398EB}.MinSizeRel|x64.ActiveCfg = MinSizeRel|x64
		{31859C6A-7792-32D7-AF3B-F171DBD398EB}.MinSizeRel|x64.Build.0 = MinSizeRel|x64
		{31859C6A-7792-32D7-AF3B-F171DBD398EB}.RelWithDebInfo|x64.ActiveCfg = RelWithDebInfo|x64
		{31859C6A-7792-32D7-AF3B-F171DBD398EB}.RelWithDebInfo|x64.Build.0 = RelWithDebInfo|x64
		{EAC73EA8-99BE-3953-8D66-A2CDDAE04690}.Debug|x64.ActiveCfg = Debug|x64
		{EAC73EA8-99BE-3953-8D66-A2CDDAE04690}.Release|x64.ActiveCfg = Release|x64
		{EAC73EA8-99BE-3953-8D66-A2CDDAE04690}.MinSizeRel|x64.ActiveCfg = MinSizeRel|x64
		{EAC73EA8-99BE-3953-8D66-A2CDDAE04690}.RelWithDebInfo|x64.ActiveCfg = RelWithDebInfo|x64
		{ADECADAD-AF6F-32E6-8B69-EF480DB29AF8}.Debug|x64.ActiveCfg = Debug|x64
		{ADECADAD-AF6F-32E6-8B69-EF480DB29AF8}.Release|x64.ActiveCfg = Release|x64
		{ADECADAD-AF6F-32E6-8B69-EF480DB29AF8}.MinSizeRel|x64.ActiveCfg = MinSizeRel|x64
		{ADECADAD-AF6F-32E6-8B69-EF480DB29AF8}.RelWithDebInfo|x64.ActiveCfg = RelWithDebInfo|x64
		{15E562F1-2C63-3D1C-B44E-9180F870F71F}.Debug|x64.ActiveCfg = Debug|x64
		{15E562F1-2C63-3D1C-B44E-9180F870F71F}.Release|x64.ActiveCfg = Release|x64
		{15E562F1-2C63-3D1C-B44E-9180F870F71F}.MinSizeRel|x64.ActiveCfg = MinSizeRel|x64
		{15E562F1-2C63-3D1C-B44E-9180F870F71F}.RelWithDebInfo|x64.ActiveCfg = RelWithDebInfo|x64
		{DF71CBFD-8FD7-3973-A956-37CA96E18A27}.Debug|x64.ActiveCfg = Debug|x64
		{DF71CBFD-8FD7-3973-A956-37CA96E18A27}.Debug|x64.Build.0 = Debug|x64
		{DF71CBFD-8FD7-3973-A956-37CA96E18A27}.Release|x64.ActiveCfg = Release|x64
		{DF71CBFD-8FD7-3973-A956-37CA96E18A27}.Release|x64.Build.0 = Release|x64
		{DF71CBFD-8FD7-3973-A956-37CA96E18A27}.MinSizeRel|x64.ActiveCfg = MinSizeRel|x64
		{DF71CBFD-8FD7-3973-A956-37CA96E18A27}.MinSizeRel|x64.Build.0 = MinSizeRel|x64
		{DF71CBFD-8FD7-3973-A956-37CA96E18A27}.RelWithDebInfo|x64.ActiveCfg = RelWithDebInfo|x64
		{DF71CBFD-8FD7-3973-A956-37CA96E18A27}.RelWithDebInfo|x64.Build.0 = RelWithDebInfo|x64
		{102F328A-1C4B-3D5A-B5A1-26267FA9C561}.Debug|x64.ActiveCfg = Debug|x64
		{102F328A-1C4B-3D5A-B5A1-26267FA9C561}.Debug|x64.Build.0 = Debug|x64
		{102F328A-1C4B-3D5A-B5A1-26267FA9C561}.Release|x64.ActiveCfg = Release|x64
		{102F328A-1C4B-3D5A-B5A1-26267FA9C561}.Release|x64.Build.0 = Release|x64
		{102F328A-1C4B-3D5A-B5A1-26267FA9C561}.MinSizeRel|x64.ActiveCfg = MinSizeRel|x64
		{102F328A-1C4B-3D5A-B5A1-26267FA9C561}.MinSizeRel|x64.Build.0 = MinSizeRel|x64
		{102F328A-1C4B-3D5A-B5A1-26267FA9C561}.RelWithDebInfo|x64.ActiveCfg = RelWithDebInfo|x64
		{102F328A-1C4B-3D5A-B5A1-26267FA9C561}.RelWithDebInfo|x64.Build.0 = RelWithDebInfo|x64
		{62AEEBC0-8A1A-331E-B72F-4C44226176DF}.Debug|x64.ActiveCfg = Debug|x64
		{62AEEBC0-8A1A-331E-B72F-4C44226176DF}.Debug|x64.Build.0 = Debug|x64
		{62AEEBC0-8A1A-331E-B72F-4C44226176DF}.Release|x64.ActiveCfg = Release|x64
		{62AEEBC0-8A1A-331E-B72F-4C44226176DF}.Release|x64.Build.0 = Release|x64
		{62AEEBC0-8A1A-331E-B72F-4C44226176DF}.MinSizeRel|x64.ActiveCfg = MinSizeRel|x64
		{62AEEBC0-8A1A-331E-B72F-4C44226176DF}.MinSizeRel|x64.Build.0 = MinSizeRel|x64
		{62AEEBC0-8A1A-331E-B72F-4C44226176DF}.RelWithDebInfo|x64.ActiveCfg = RelWithDebInfo|x64
		{62AEEBC0-8A1A-331E-B72F-4C44226176DF}.RelWithDebInfo|x64.Build.0 = RelWithDebInfo|x64
		{141B4999-6A6E-3D14-B5AB-8ADA8A96BF5A}.Debug|x64.ActiveCfg = Debug|x64
		{141B4999-6A6E-3D14-B5AB-8ADA8A96BF5A}.Debug|x64.Build.0 = Debug|x64
		{141B4999-6A6E-3D14-B5AB-8ADA8A96BF5A}.Release|x64.ActiveCfg = Release|x64
		{141B4999-6A6E-3D14-B5AB-8ADA8A96BF5A}.Release|x64.Build.0 = Release|x64
		{141B4999-6A6E-3D14-B5AB-8ADA8A96BF5A}.MinSizeRel|x64.ActiveCfg = MinSizeRel|x64
		{141B4999-6A6E-3D14-B5AB-8ADA8A96BF5A}.MinSizeRel|x64.Build.0 = MinSizeRel|x64
		{141B4999-6A6E-3D14-B5AB-8ADA8A96BF5A}.RelWithDebInfo|x64.ActiveCfg = RelWithDebInfo|x64
		{141B4999-6A6E-3D14-B5AB-8ADA8A96BF5A}.RelWithDebInfo|x64.Build.0 = RelWithDebInfo|x64
		{C6A87273-51C9-3844-A96D-079248057242}.Debug|x64.ActiveCfg = Debug|x64
		{C6A87273-51C9-3844-A96D-079248057242}.Debug|x64.Build.0 = Debug|x64
		{C6A87273-51C9-3844-A96D-079248057242}.Release|x64.ActiveCfg = Release|x64
		{C6A87273-51C9-3844-A96D-079248057242}.Release|x64.Build.0 = Release|x64
		{C6A87273-51C9-3844-A96D-079248057242}.MinSizeRel|x64.ActiveCfg = MinSizeRel|x64
		{C6A87273-51C9-3844-A96D-079248057242}.MinSizeRel|x64.Build.0 = MinSizeRel|x64
		{C6A87273-51C9-3844-A96D-079248057242}.RelWithDebInfo|x64.ActiveCfg = RelWithDebInfo|x64
		{C6A87273-51C9-3844-A96D-079248057242}.RelWithDebInfo|x64.Build.0 = RelWithDebInfo|x64
		{B41A86B0-8A81-3516-A64F-4A0387694238}.Debug|x64.ActiveCfg = Debug|x64
		{B41A86B0-8A81-3516-A64F-4A0387694238}.Debug|x64.Build.0 = Debug|x64
		{B41A86B0-8A81-3516-A64F-4A0387694238}.Release|x64.ActiveCfg = Release|x64
		{B41A86B0-8A81-3516-A64F-4A0387694238}.Release|x64.Build.0 = Release|x64
		{B41A86B0-8A81-3516-A64F-4A0387694238}.MinSizeRel|x64.ActiveCfg = MinSizeRel|x64
		{B41A86B0-8A81-3516-A64F-4A0387694238}.MinSizeRel|x64.Build.0 = MinSizeRel|x64
		{B41A86B0-8A81-3516-A64F-4A0387694238}.RelWithDebInfo|x64.ActiveCfg = RelWithDebInfo|x64
		{B41A86B0-8A81-3516-A64F-4A0387694238}.RelWithDebInfo|x64.Build.0 = RelWithDebInfo|x64
		{535FE7D6-4860-3D75-A655-2A814F69E42A}.Debug|x64.ActiveCfg = Debug|x64
		{535FE7D6-4860-3D75-A655-2A814F69E42A}.Debug|x64.Build.0 = Debug|x64
		{535FE7D6-4860-3D75-A655-2A814F69E42A}.Release|x64.ActiveCfg = Release|x64
		{535FE7D6-4860-3D75-A655-2A814F69E42A}.Release|x64.Build.0 = Release|x64
		{535FE7D6-4860-3D75-A655-2A814F69E42A}.MinSizeRel|x64.ActiveCfg = MinSizeRel|x64
		{535FE7D6-4860-3D75-A655-2A814F69E42A}.MinSizeRel|x64.Build.0 = MinSizeRel|x64
		{535FE7D6-4860-3D75-A655-2A814F69E42A}.RelWithDebInfo|x64.ActiveCfg = RelWithDebInfo|x64
		{535FE7D6-4860-3D75-A655-2A814F69E42A}.RelWithDebInfo|x64.Build.0 = RelWithDebInfo|x64
		{C590CBD7-6999-3644-9D9F-655245DA049B}.Debug|x64.ActiveCfg = Debug|x64
		{C590CBD7-6999-3644-9D9F-655245DA049B}.Debug|x64.Build.0 = Debug|x64
		{C590CBD7-6999-3644-9D9F-655245DA049B}.Release|x64.ActiveCfg = Release|x64
		{C590CBD7-6999-3644-9D9F-655245DA049B}.Release|x64.Build.0 = Release|x64
		{C590CBD7-6999-3644-9D9F-655245DA049B}.MinSizeRel|x64.ActiveCfg = MinSizeRel|x64
		{C590CBD7-6999-3644-9D9F-655245DA049B}.MinSizeRel|x64.Build.0 = MinSizeRel|x64
		{C590CBD7-6999-3644-9D9F-655245DA049B}.RelWithDebInfo|x64.ActiveCfg = RelWithDebInfo|x64
		{C590CBD7-6999-3644-9D9F-655245DA049B}.RelWithDebInfo|x64.Build.0 = RelWithDebInfo|x64
		{4614D57B-49B4-3EBB-A9FA-248FA84F4D44}.Debug|x64.ActiveCfg = Debug|x64
		{4614D57B-49B4-3EBB-A9FA-248FA84F4D44}.Debug|x64.Build.0 = Debug|x64
		{4614D57B-49B4-3EBB-A9FA-248FA84F4D44}.Release|x64.ActiveCfg = Release|x64
		{4614D57B-49B4-3EBB-A9FA-248FA84F4D44}.Release|x64.Build.0 = Release|x64
		{4614D57B-49B4-3EBB-A9FA-248FA84F4D44}.MinSizeRel|x64.ActiveCfg = MinSizeRel|x64
		{4614D57B-49B4-3EBB-A9FA-248FA84F4D44}.MinSizeRel|x64.Build.0 = MinSizeRel|x64
		{4614D57B-49B4-3EBB-A9FA-248FA84F4D44}.RelWithDebInfo|x64.ActiveCfg = RelWithDebInfo|x64
		{4614D57B-49B4-3EBB-A9FA-248FA84F4D44}.RelWithDebInfo|x64.Build.0 = RelWithDebInfo|x64
		{531BF02E-EC9E-344C-85CD-6CF17F7396FC}.Debug|x64.ActiveCfg = Debug|x64
		{531BF02E-EC9E-344C-85CD-6CF17F7396FC}.Debug|x64.Build.0 = Debug|x64
		{531BF02E-EC9E-344C-85CD-6CF17F7396FC}.Release|x64.ActiveCfg = Release|x64
		{531BF02E-EC9E-344C-85CD-6CF17F7396FC}.Release|x64.Build.0 = Release|x64
		{531BF02E-EC9E-344C-85CD-6CF17F7396FC}.MinSizeRel|x64.ActiveCfg = MinSizeRel|x64
		{531BF02E-EC9E-344C-85CD-6CF17F7396FC}.MinSizeRel|x64.Build.0 = MinSizeRel|x64
		{531BF02E-EC9E-344C-85CD-6CF17F7396FC}.RelWithDebInfo|x64.ActiveCfg = RelWithDebInfo|x64
		{531BF02E-EC9E-344C-85CD-6CF17F7396FC}.RelWithDebInfo|x64.Build.0 = RelWithDebInfo|x64
		{8ABDEED9-DEB0-32B2-9F16-2A9227E395C5}.Debug|x64.ActiveCfg = Debug|x64
		{8ABDEED9-DEB0-32B2-9F16-2A9227E395C5}.Debug|x64.Build.0 = Debug|x64
		{8ABDEED9-DEB0-32B2-9F16-2A9227E395C5}.Release|x64.ActiveCfg = Release|x64
		{8ABDEED9-DEB0-32B2-9F16-2A9227E395C5}.Release|x64.Build.0 = Release|x64
		{8ABDEED9-DEB0-32B2-9F16-2A9227E395C5}.MinSizeRel|x64.ActiveCfg = MinSizeRel|x64
		{8ABDEED9-DEB0-32B2-9F16-2A9227E395C5}.MinSizeRel|x64.Build.0 = MinSizeRel|x64
		{8ABDEED9-DEB0-32B2-9F16-2A9227E395C5}.RelWithDebInfo|x64.ActiveCfg = RelWithDebInfo|x64
		{8ABDEED9-DEB0-32B2-9F16-2A9227E395C5}.RelWithDebInfo|x64.Build.0 = RelWithDebInfo|x64
		{B23F0978-F056-38FC-834C-4A842D63E768}.Debug|x64.ActiveCfg = Debug|x64
		{B23F0978-F056-38FC-834C-4A842D63E768}.Debug|x64.Build.0 = Debug|x64
		{B23F0978-F056-38FC-834C-4A842D63E768}.Release|x64.ActiveCfg = Release|x64
		{B23F0978-F056-38FC-834C-4A842D63E768}.Release|x64.Build.0 = Release|x64
		{B23F0978-F056-38FC-834C-4A842D63E768}.MinSizeRel|x64.ActiveCfg = MinSizeRel|x64
		{B23F0978-F056-38FC-834C-4A842D63E768}.MinSizeRel|x64.Build.0 = MinSizeRel|x64
		{B23F0978-F056-38FC-834C-4A842D63E768}.RelWithDebInfo|x64.ActiveCfg = RelWithDebInfo|x64
		{B23F0978-F056-38FC-834C-4A842D63E768}.RelWithDebInfo|x64.Build.0 = RelWithDebInfo|x64
		{44D0AABD-A584-356B-9577-2311F691A6AD}.Debug|x64.ActiveCfg = Debug|x64
		{44D0AABD-A584-356B-9577-2311F691A6AD}.Debug|x64.Build.0 = Debug|x64
		{44D0AABD-A584-356B-9577-2311F691A6AD}.Release|x64.ActiveCfg = Release|x64
		{44D0AABD-A584-356B-9577-2311F691A6AD}.Release|x64.Build.0 = Release|x64
		{44D0AABD-A584-356B-9577-2311F691A6AD}.MinSizeRel|x64.ActiveCfg = MinSizeRel|x64
		{44D0AABD-A584-356B-9577-2311F691A6AD}.MinSizeRel|x64.Build.0 = MinSizeRel|x64
		{44D0AABD-A584-356B-9577-2311F691A6AD}.RelWithDebInfo|x64.ActiveCfg = RelWithDebInfo|x64
		{44D0AABD-A584-356B-9577-2311F691A6AD}.RelWithDebInfo|x64.Build.0 = RelWithDebInfo|x64
		{EBFBBDF1-F18D-3FB0-9417-7186A2A6AF61}.Debug|x64.ActiveCfg = Debug|x64
		{EBFBBDF1-F18D-3FB0-9417-7186A2A6AF61}.Debug|x64.Build.0 = Debug|x64
		{EBFBBDF1-F18D-3FB0-9417-7186A2A6AF61}.Release|x64.ActiveCfg = Release|x64
		{EBFBBDF1-F18D-3FB0-9417-7186A2A6AF61}.Release|x64.Build.0 = Release|x64
		{EBFBBDF1-F18D-3FB0-9417-7186A2A6AF61}.MinSizeRel|x64.ActiveCfg = MinSizeRel|x64
		{EBFBBDF1-F18D-3FB0-9417-7186A2A6AF61}.MinSizeRel|x64.Build.0 = MinSizeRel|x64
		{EBFBBDF1-F18D-3FB0-9417-7186A2A6AF61}.RelWithDebInfo|x64.ActiveCfg = RelWithDebInfo|x64
		{EBFBBDF1-F18D-3FB0-9417-7186A2A6AF61}.RelWithDebInfo|x64.Build.0 = RelWithDebInfo|x64
		{35A07257-5E8A-3207-AA4C-1314C04A235A}.Debug|x64.ActiveCfg = Debug|x64
		{35A07257-5E8A-3207-AA4C-1314C04A235A}.Debug|x64.Build.0 = Debug|x64
		{35A07257-5E8A-3207-AA4C-1314C04A235A}.Release|x64.ActiveCfg = Release|x64
		{35A07257-5E8A-3207-AA4C-1314C04A235A}.Release|x64.Build.0 = Release|x64
		{35A07257-5E8A-3207-AA4C-1314C04A235A}.MinSizeRel|x64.ActiveCfg = MinSizeRel|x64
		{35A07257-5E8A-3207-AA4C-1314C04A235A}.MinSizeRel|x64.Build.0 = MinSizeRel|x64
		{35A07257-5E8A-3207-AA4C-1314C04A235A}.RelWithDebInfo|x64.ActiveCfg = RelWithDebInfo|x64
		{35A07257-5E8A-3207-AA4C-1314C04A235A}.RelWithDebInfo|x64.Build.0 = RelWithDebInfo|x64
		{6FEA13BD-F568-37A2-9431-C37923D247F6}.Debug|x64.ActiveCfg = Debug|x64
		{6FEA13BD-F568-37A2-9431-C37923D247F6}.Debug|x64.Build.0 = Debug|x64
		{6FEA13BD-F568-37A2-9431-C37923D247F6}.Release|x64.ActiveCfg = Release|x64
		{6FEA13BD-F568-37A2-9431-C37923D247F6}.Release|x64.Build.0 = Release|x64
		{6FEA13BD-F568-37A2-9431-C37923D247F6}.MinSizeRel|x64.ActiveCfg = MinSizeRel|x64
		{6FEA13BD-F568-37A2-9431-C37923D247F6}.MinSizeRel|x64.Build.0 = MinSizeRel|x64
		{6FEA13BD-F568-37A2-9431-C37923D247F6}.RelWithDebInfo|x64.ActiveCfg = RelWithDebInfo|x64
		{6FEA13BD-F568-37A2-9431-C37923D247F6}.RelWithDebInfo|x64.Build.0 = RelWithDebInfo|x64
	EndGlobalSection
	GlobalSection(ExtensibilityGlobals) = postSolution
	EndGlobalSection
	GlobalSection(ExtensibilityAddIns) = postSolution
	EndGlobalSection
EndGlobal
