<?xml version="1.0" encoding="UTF-8"?>
<Project ToolsVersion="4.0" xmlns="http://schemas.microsoft.com/developer/msbuild/2003">
  <ItemGroup>
    <ClCompile Include="tests\debug-stream.c">
      <Filter>Source Files</Filter>
    </ClCompile>
    <ClCompile Include="tests\ha-test.c">
      <Filter>Source Files</Filter>
    </ClCompile>
    <ClCompile Include="tests\json-test.c">
      <Filter>Source Files</Filter>
    </ClCompile>
    <ClCompile Include="tests\mock_server\future.c">
      <Filter>Source Files</Filter>
    </ClCompile>
    <ClCompile Include="tests\mock_server\future-functions.c">
      <Filter>Source Files</Filter>
    </ClCompile>
    <ClCompile Include="tests\mock_server\future-value.c">
      <Filter>Source Files</Filter>
    </ClCompile>
    <ClCompile Include="tests\mock_server\sync-queue.c">
      <Filter>Source Files</Filter>
    </ClCompile>
    <ClCompile Include="tests\mock_server\mock-rs.c">
      <Filter>Source Files</Filter>
    </ClCompile>
    <ClCompile Include="tests\mock_server\mock-server.c">
      <Filter>Source Files</Filter>
    </ClCompile>
    <ClCompile Include="tests\mock_server\request.c">
      <Filter>Source Files</Filter>
    </ClCompile>
    <ClCompile Include="tests\test-conveniences.c">
      <Filter>Source Files</Filter>
    </ClCompile>
    <ClCompile Include="tests\test-bulk.c">
      <Filter>Source Files</Filter>
    </ClCompile>
    <ClCompile Include="tests\test-libmongoc.c">
      <Filter>Source Files</Filter>
    </ClCompile>
    <ClCompile Include="tests\test-mongoc-array.c">
      <Filter>Source Files</Filter>
    </ClCompile>
    <ClCompile Include="tests\test-mongoc-async.c">
      <Filter>Source Files</Filter>
    </ClCompile>
    <ClCompile Include="tests\test-mongoc-buffer.c">
      <Filter>Source Files</Filter>
    </ClCompile>
    <ClCompile Include="tests\test-mongoc-client.c">
      <Filter>Source Files</Filter>
    </ClCompile>
    <ClCompile Include="tests\test-mongoc-client-pool.c">
      <Filter>Source Files</Filter>
    </ClCompile>
    <ClCompile Include="tests\test-mongoc-cluster.c">
      <Filter>Source Files</Filter>
    </ClCompile>
    <ClCompile Include="tests\test-mongoc-collection.c">
      <Filter>Source Files</Filter>
    </ClCompile>
    <ClCompile Include="tests\test-mongoc-collection-find.c">
      <Filter>Source Files</Filter>
    </ClCompile>
    <ClCompile Include="tests\test-mongoc-command-monitoring.c">
      <Filter>Source Files</Filter>
    </ClCompile>
    <ClCompile Include="tests\test-mongoc-cursor.c">
      <Filter>Source Files</Filter>
    </ClCompile>
    <ClCompile Include="tests\test-mongoc-database.c">
      <Filter>Source Files</Filter>
    </ClCompile>
    <ClCompile Include="tests\test-mongoc-error.c">
      <Filter>Source Files</Filter>
    </ClCompile>
    <ClCompile Include="tests\test-mongoc-exhaust.c">
      <Filter>Source Files</Filter>
    </ClCompile>
    <ClCompile Include="tests\test-mongoc-find-and-modify.c">
      <Filter>Source Files</Filter>
    </ClCompile>
    <ClCompile Include="tests\test-mongoc-gridfs.c">
      <Filter>Source Files</Filter>
    </ClCompile>
    <ClCompile Include="tests\test-mongoc-gridfs-file-page.c">
      <Filter>Source Files</Filter>
    </ClCompile>
    <ClCompile Include="tests\test-mongoc-list.c">
      <Filter>Source Files</Filter>
    </ClCompile>
    <ClCompile Include="tests\test-mongoc-log.c">
      <Filter>Source Files</Filter>
    </ClCompile>
    <ClCompile Include="tests\test-mongoc-matcher.c">
      <Filter>Source Files</Filter>
    </ClCompile>
    <ClCompile Include="tests\test-mongoc-queue.c">
      <Filter>Source Files</Filter>
    </ClCompile>
    <ClCompile Include="tests\test-mongoc-read-prefs.c">
      <Filter>Source Files</Filter>
    </ClCompile>
    <ClCompile Include="tests\test-mongoc-rpc.c">
      <Filter>Source Files</Filter>
    </ClCompile>
    <ClCompile Include="tests\test-mongoc-sdam.c">
      <Filter>Source Files</Filter>
    </ClCompile>
    <ClCompile Include="tests\test-mongoc-server-selection.c">
      <Filter>Source Files</Filter>
    </ClCompile>
    <ClCompile Include="tests\test-mongoc-server-selection-errors.c">
      <Filter>Source Files</Filter>
    </ClCompile>
    <ClCompile Include="tests\test-mongoc-set.c">
      <Filter>Source Files</Filter>
    </ClCompile>
    <ClCompile Include="tests\test-mongoc-socket.c">
      <Filter>Source Files</Filter>
    </ClCompile>
    <ClCompile Include="tests\test-mongoc-stream.c">
      <Filter>Source Files</Filter>
    </ClCompile>
    <ClCompile Include="tests\test-mongoc-thread.c">
      <Filter>Source Files</Filter>
    </ClCompile>
    <ClCompile Include="tests\test-mongoc-topology.c">
      <Filter>Source Files</Filter>
    </ClCompile>
    <ClCompile Include="tests\test-mongoc-topology-reconcile.c">
      <Filter>Source Files</Filter>
    </ClCompile>
    <ClCompile Include="tests\test-mongoc-topology-scanner.c">
      <Filter>Source Files</Filter>
    </ClCompile>
    <ClCompile Include="tests\test-mongoc-uri.c">
      <Filter>Source Files</Filter>
    </ClCompile>
    <ClCompile Include="tests\test-mongoc-version.c">
      <Filter>Source Files</Filter>
    </ClCompile>
    <ClCompile Include="tests\test-mongoc-usleep.c">
      <Filter>Source Files</Filter>
    </ClCompile>
    <ClCompile Include="tests\test-mongoc-util.c">
      <Filter>Source Files</Filter>
    </ClCompile>
    <ClCompile Include="tests\test-mongoc-write-concern.c">
      <Filter>Source Files</Filter>
    </ClCompile>
    <ClCompile Include="tests\test-write-commands.c">
      <Filter>Source Files</Filter>
    </ClCompile>
    <ClCompile Include="tests\TestSuite.c">
      <Filter>Source Files</Filter>
    </ClCompile>
    <ClCompile Include="tests\test-x509.c">
      <Filter>Source Files</Filter>
    </ClCompile>
    <ClCompile Include="tests\ssl-test.c">
      <Filter>Source Files</Filter>
    </ClCompile>
    <ClCompile Include="tests\test-mongoc-stream-tls.c">
      <Filter>Source Files</Filter>
    </ClCompile>
    <ClCompile Include="tests\test-mongoc-stream-tls-error.c">
      <Filter>Source Files</Filter>
    </ClCompile>
  </ItemGroup>
  <ItemGroup>
    <CustomBuild Include="CMakeLists.txt" />
  </ItemGroup>
  <ItemGroup>
    <Filter Include="Source Files">
      <UniqueIdentifier>{8B7743B2-C38B-31DF-AD74-EC3A4444B995}</UniqueIdentifier>
    </Filter>
  </ItemGroup>
</Project>
